
Microsoft Visual Studio Solution File, Format Version 12.00
# Visual Studio Version 16
VisualStudioVersion = 16.0.31321.278
MinimumVisualStudioVersion = 10.0.40219.1
Project("{FAE04EC0-301F-11D3-BF4B-00C04F79EFBC}") = "DB-initializer", "DB-initializer\DB-initializer.csproj", "{D407ABD6-0C9D-4A35-AE5C-A42C677EA7F7}"
EndProject
Global
	GlobalSection(SolutionConfigurationPlatforms) = preSolution
		Debug|Any CPU = Debug|Any CPU
		Release|Any CPU = Release|Any CPU
	EndGlobalSection
	GlobalSection(ProjectConfigurationPlatforms) = postSolution
		{D407ABD6-0C9D-4A35-AE5C-A42C677EA7F7}.Debug|Any CPU.ActiveCfg = Debug|Any CPU
		{D407ABD6-0C9D-4A35-AE5C-A42C677EA7F7}.Debug|Any CPU.Build.0 = Debug|Any CPU
		{D407ABD6-0C9D-4A35-AE5C-A42C677EA7F7}.Release|Any CPU.ActiveCfg = Release|Any CPU
		{D407ABD6-0C9D-4A35-AE5C-A42C677EA7F7}.Release|Any CPU.Build.0 = Release|Any CPU
	EndGlobalSection
	GlobalSection(SolutionProperties) = preSolution
		HideSolutionNode = FALSE
	EndGlobalSection
	GlobalSection(ExtensibilityGlobals) = postSolution
		SolutionGuid = {D1F135F9-0825-4CDA-8D88-F692FB72BDEE}
	EndGlobalSection
EndGlobal
